
Microsoft Visual Studio Solution File, Format Version 12.00
# Visual Studio Version 16
VisualStudioVersion = 16.0.29306.81
MinimumVisualStudioVersion = 10.0.40219.1
Project("{FAE04EC0-301F-11D3-BF4B-00C04F79EFBC}") = "myGSM", "myGSM\myGSM.csproj", "{7529BB86-25CE-44B6-B181-0D0BF5B71174}"
EndProject
Global
	GlobalSection(SolutionConfigurationPlatforms) = preSolution
		Debug|Any CPU = Debug|Any CPU
		Release|Any CPU = Release|Any CPU
	EndGlobalSection
	GlobalSection(ProjectConfigurationPlatforms) = postSolution
		{7529BB86-25CE-44B6-B181-0D0BF5B71174}.Debug|Any CPU.ActiveCfg = Debug|Any CPU
		{7529BB86-25CE-44B6-B181-0D0BF5B71174}.Debug|Any CPU.Build.0 = Debug|Any CPU
		{7529BB86-25CE-44B6-B181-0D0BF5B71174}.Release|Any CPU.ActiveCfg = Release|Any CPU
		{7529BB86-25CE-44B6-B181-0D0BF5B71174}.Release|Any CPU.Build.0 = Release|Any CPU
	EndGlobalSection
	GlobalSection(SolutionProperties) = preSolution
		HideSolutionNode = FALSE
	EndGlobalSection
	GlobalSection(ExtensibilityGlobals) = postSolution
		SolutionGuid = {4ED3674E-C180-446E-B13F-A0D4EA018F49}
	EndGlobalSection
EndGlobal
